
Microsoft Visual Studio Solution File, Format Version 12.00
# Visual Studio Version 17
VisualStudioVersion = 17.0.31903.59
MinimumVisualStudioVersion = 10.0.40219.1
Project("{2150E333-8FDC-42A3-9474-1A3956D46DE8}") = "src", "src", "{43807897-C7AE-48C5-B910-2532DE531FBD}"
EndProject
Project("{FAE04EC0-301F-11D3-BF4B-00C04F79EFBC}") = "ChoPilot.Core", "src\ChoPilot.Core\ChoPilot.Core.csproj", "{E5419814-C8C6-47B1-95B8-C58F03B5806C}"
EndProject
Project("{FAE04EC0-301F-11D3-BF4B-00C04F79EFBC}") = "ChoPilot.Mapping", "src\ChoPilot.Mapping\ChoPilot.Mapping.csproj", "{31DB8CF5-B0DC-4B2A-AC6B-0E57DC085053}"
EndProject
Project("{FAE04EC0-301F-11D3-BF4B-00C04F79EFBC}") = "ChoPilot.Client", "src\ChoPilot.Client\ChoPilot.Client.csproj", "{AC827D5B-E365-4563-B29E-A649830C2D94}"
EndProject
Project("{2150E333-8FDC-42A3-9474-1A3956D46DE8}") = "tests", "tests", "{D2CACBD4-6599-436B-B130-7CC5657B4EA0}"
EndProject
Project("{FAE04EC0-301F-11D3-BF4B-00C04F79EFBC}") = "ChoPilot.Tests", "tests\ChoPilot.Tests\ChoPilot.Tests.csproj", "{0F9CF879-92EE-4FF9-A977-A15DB5DA6898}"
EndProject
Project("{FAE04EC0-301F-11D3-BF4B-00C04F79EFBC}") = "ChoPilot.Server", "src\ChoPilot.Server\ChoPilot.Server.csproj", "{A1812520-96FC-44E9-A38B-E839C27C7DDF}"
EndProject
Global
	GlobalSection(SolutionConfigurationPlatforms) = preSolution
		Debug|Any CPU = Debug|Any CPU
		Release|Any CPU = Release|Any CPU
	EndGlobalSection
	GlobalSection(SolutionProperties) = preSolution
		HideSolutionNode = FALSE
	EndGlobalSection
	GlobalSection(ProjectConfigurationPlatforms) = postSolution
		{E5419814-C8C6-47B1-95B8-C58F03B5806C}.Debug|Any CPU.ActiveCfg = Debug|Any CPU
		{E5419814-C8C6-47B1-95B8-C58F03B5806C}.Debug|Any CPU.Build.0 = Debug|Any CPU
		{E5419814-C8C6-47B1-95B8-C58F03B5806C}.Release|Any CPU.ActiveCfg = Release|Any CPU
		{E5419814-C8C6-47B1-95B8-C58F03B5806C}.Release|Any CPU.Build.0 = Release|Any CPU
		{31DB8CF5-B0DC-4B2A-AC6B-0E57DC085053}.Debug|Any CPU.ActiveCfg = Debug|Any CPU
		{31DB8CF5-B0DC-4B2A-AC6B-0E57DC085053}.Debug|Any CPU.Build.0 = Debug|Any CPU
		{31DB8CF5-B0DC-4B2A-AC6B-0E57DC085053}.Release|Any CPU.ActiveCfg = Release|Any CPU
		{31DB8CF5-B0DC-4B2A-AC6B-0E57DC085053}.Release|Any CPU.Build.0 = Release|Any CPU
		{AC827D5B-E365-4563-B29E-A649830C2D94}.Debug|Any CPU.ActiveCfg = Debug|Any CPU
		{AC827D5B-E365-4563-B29E-A649830C2D94}.Debug|Any CPU.Build.0 = Debug|Any CPU
		{AC827D5B-E365-4563-B29E-A649830C2D94}.Release|Any CPU.ActiveCfg = Release|Any CPU
		{AC827D5B-E365-4563-B29E-A649830C2D94}.Release|Any CPU.Build.0 = Release|Any CPU
		{0F9CF879-92EE-4FF9-A977-A15DB5DA6898}.Debug|Any CPU.ActiveCfg = Debug|Any CPU
		{0F9CF879-92EE-4FF9-A977-A15DB5DA6898}.Debug|Any CPU.Build.0 = Debug|Any CPU
		{0F9CF879-92EE-4FF9-A977-A15DB5DA6898}.Release|Any CPU.ActiveCfg = Release|Any CPU
		{0F9CF879-92EE-4FF9-A977-A15DB5DA6898}.Release|Any CPU.Build.0 = Release|Any CPU
		{A1812520-96FC-44E9-A38B-E839C27C7DDF}.Debug|Any CPU.ActiveCfg = Debug|Any CPU
		{A1812520-96FC-44E9-A38B-E839C27C7DDF}.Debug|Any CPU.Build.0 = Debug|Any CPU
		{A1812520-96FC-44E9-A38B-E839C27C7DDF}.Release|Any CPU.ActiveCfg = Release|Any CPU
		{A1812520-96FC-44E9-A38B-E839C27C7DDF}.Release|Any CPU.Build.0 = Release|Any CPU
	EndGlobalSection
	GlobalSection(NestedProjects) = preSolution
		{E5419814-C8C6-47B1-95B8-C58F03B5806C} = {43807897-C7AE-48C5-B910-2532DE531FBD}
		{31DB8CF5-B0DC-4B2A-AC6B-0E57DC085053} = {43807897-C7AE-48C5-B910-2532DE531FBD}
		{AC827D5B-E365-4563-B29E-A649830C2D94} = {43807897-C7AE-48C5-B910-2532DE531FBD}
		{0F9CF879-92EE-4FF9-A977-A15DB5DA6898} = {D2CACBD4-6599-436B-B130-7CC5657B4EA0}
		{A1812520-96FC-44E9-A38B-E839C27C7DDF} = {43807897-C7AE-48C5-B910-2532DE531FBD}
	EndGlobalSection
EndGlobal
